// !$*UTF8*$!
{
	archiveVersion = 1;
	classes = {
	};
	objectVersion = 50;
	objects = {

/* Begin PBXBuildFile section */
		C103034A2579637300B98710 /* AppView.swift in Sources */ = {isa = PBXBuildFile; fileRef = C10303492579637300B98710 /* AppView.swift */; };
		C1214B922566EC7900EDFC3F /* AppDelegate.swift in Sources */ = {isa = PBXBuildFile; fileRef = C1214B912566EC7900EDFC3F /* AppDelegate.swift */; };
		C1214B942566EC7900EDFC3F /* SceneDelegate.swift in Sources */ = {isa = PBXBuildFile; fileRef = C1214B932566EC7900EDFC3F /* SceneDelegate.swift */; };
		C1214B962566EC7900EDFC3F /* ContentView.swift in Sources */ = {isa = PBXBuildFile; fileRef = C1214B952566EC7900EDFC3F /* ContentView.swift */; };
		C1214B982566EC7C00EDFC3F /* Assets.xcassets in Resources */ = {isa = PBXBuildFile; fileRef = C1214B972566EC7C00EDFC3F /* Assets.xcassets */; };
		C1214B9B2566EC7C00EDFC3F /* Preview Assets.xcassets in Resources */ = {isa = PBXBuildFile; fileRef = C1214B9A2566EC7C00EDFC3F /* Preview Assets.xcassets */; };
		C1214B9E2566EC7C00EDFC3F /* LaunchScreen.storyboard in Resources */ = {isa = PBXBuildFile; fileRef = C1214B9C2566EC7C00EDFC3F /* LaunchScreen.storyboard */; };
		C1214BA92566EC7D00EDFC3F /* CitizenCheckTests.swift in Sources */ = {isa = PBXBuildFile; fileRef = C1214BA82566EC7D00EDFC3F /* CitizenCheckTests.swift */; };
		C1214BB42566EC7D00EDFC3F /* CitizenCheckUITests.swift in Sources */ = {isa = PBXBuildFile; fileRef = C1214BB32566EC7D00EDFC3F /* CitizenCheckUITests.swift */; };
		C1214BC52566EC9700EDFC3F /* DataModels.swift in Sources */ = {isa = PBXBuildFile; fileRef = C1214BC42566EC9700EDFC3F /* DataModels.swift */; };
		C1214BCA2566EC9E00EDFC3F /* EligibilityQuestionView.swift in Sources */ = {isa = PBXBuildFile; fileRef = C1214BC92566EC9E00EDFC3F /* EligibilityQuestionView.swift */; };
		C1214BCF2566ECA300EDFC3F /* ButtonStyles.swift in Sources */ = {isa = PBXBuildFile; fileRef = C1214BCE2566ECA300EDFC3F /* ButtonStyles.swift */; };
		C12BA47A2575E60B006431AD /* AppData.swift in Sources */ = {isa = PBXBuildFile; fileRef = C12BA4792575E60B006431AD /* AppData.swift */; };
		C12E7E062572C73C000AD660 /* ChecklistQuestionsView.swift in Sources */ = {isa = PBXBuildFile; fileRef = C12E7E052572C73C000AD660 /* ChecklistQuestionsView.swift */; };
		C12E7E0B2572C74B000AD660 /* ChecklistQuestionsViewModel.swift in Sources */ = {isa = PBXBuildFile; fileRef = C12E7E0A2572C74B000AD660 /* ChecklistQuestionsViewModel.swift */; };
		C12E7E182572E1A3000AD660 /* ChecklistItem.swift in Sources */ = {isa = PBXBuildFile; fileRef = C12E7E172572E1A3000AD660 /* ChecklistItem.swift */; };
		C12E7E1D2572E669000AD660 /* ChecklistView.swift in Sources */ = {isa = PBXBuildFile; fileRef = C12E7E1C2572E669000AD660 /* ChecklistView.swift */; };
		C132D87F25747574008A0A68 /* ChecklistViewModel.swift in Sources */ = {isa = PBXBuildFile; fileRef = C132D87E25747574008A0A68 /* ChecklistViewModel.swift */; };
		C19A7AF925675BD500FFD951 /* EligibilityView.swift in Sources */ = {isa = PBXBuildFile; fileRef = C19A7AF825675BD500FFD951 /* EligibilityView.swift */; };
		C19A7AFE25675BE000FFD951 /* EligibilityViewModel.swift in Sources */ = {isa = PBXBuildFile; fileRef = C19A7AFD25675BE000FFD951 /* EligibilityViewModel.swift */; };
		C1EF5DC52580043B0048E514 /* AlertView.swift in Sources */ = {isa = PBXBuildFile; fileRef = C1EF5DC42580043B0048E514 /* AlertView.swift */; };
		C728171D25791BB30047CF55 /* AdditionalQuestionsView.swift in Sources */ = {isa = PBXBuildFile; fileRef = C728171C25791BB30047CF55 /* AdditionalQuestionsView.swift */; };
		C728172725791D470047CF55 /* LaunchScreenView.swift in Sources */ = {isa = PBXBuildFile; fileRef = C728172625791D470047CF55 /* LaunchScreenView.swift */; };
/* End PBXBuildFile section */

/* Begin PBXContainerItemProxy section */
		C1214BA52566EC7D00EDFC3F /* PBXContainerItemProxy */ = {
			isa = PBXContainerItemProxy;
			containerPortal = C1214B862566EC7800EDFC3F /* Project object */;
			proxyType = 1;
			remoteGlobalIDString = C1214B8D2566EC7900EDFC3F;
			remoteInfo = CitizenCheck;
		};
		C1214BB02566EC7D00EDFC3F /* PBXContainerItemProxy */ = {
			isa = PBXContainerItemProxy;
			containerPortal = C1214B862566EC7800EDFC3F /* Project object */;
			proxyType = 1;
			remoteGlobalIDString = C1214B8D2566EC7900EDFC3F;
			remoteInfo = CitizenCheck;
		};
/* End PBXContainerItemProxy section */

/* Begin PBXFileReference section */
		C10303492579637300B98710 /* AppView.swift */ = {isa = PBXFileReference; lastKnownFileType = sourcecode.swift; path = AppView.swift; sourceTree = "<group>"; };
		C1214B8E2566EC7900EDFC3F /* CitizenCheck.app */ = {isa = PBXFileReference; explicitFileType = wrapper.application; includeInIndex = 0; path = CitizenCheck.app; sourceTree = BUILT_PRODUCTS_DIR; };
		C1214B912566EC7900EDFC3F /* AppDelegate.swift */ = {isa = PBXFileReference; lastKnownFileType = sourcecode.swift; path = AppDelegate.swift; sourceTree = "<group>"; };
		C1214B932566EC7900EDFC3F /* SceneDelegate.swift */ = {isa = PBXFileReference; lastKnownFileType = sourcecode.swift; path = SceneDelegate.swift; sourceTree = "<group>"; };
		C1214B952566EC7900EDFC3F /* ContentView.swift */ = {isa = PBXFileReference; lastKnownFileType = sourcecode.swift; path = ContentView.swift; sourceTree = "<group>"; };
		C1214B972566EC7C00EDFC3F /* Assets.xcassets */ = {isa = PBXFileReference; lastKnownFileType = folder.assetcatalog; path = Assets.xcassets; sourceTree = "<group>"; };
		C1214B9A2566EC7C00EDFC3F /* Preview Assets.xcassets */ = {isa = PBXFileReference; lastKnownFileType = folder.assetcatalog; path = "Preview Assets.xcassets"; sourceTree = "<group>"; };
		C1214B9D2566EC7C00EDFC3F /* Base */ = {isa = PBXFileReference; lastKnownFileType = file.storyboard; name = Base; path = Base.lproj/LaunchScreen.storyboard; sourceTree = "<group>"; };
		C1214B9F2566EC7C00EDFC3F /* Info.plist */ = {isa = PBXFileReference; lastKnownFileType = text.plist.xml; path = Info.plist; sourceTree = "<group>"; };
		C1214BA42566EC7D00EDFC3F /* CitizenCheckTests.xctest */ = {isa = PBXFileReference; explicitFileType = wrapper.cfbundle; includeInIndex = 0; path = CitizenCheckTests.xctest; sourceTree = BUILT_PRODUCTS_DIR; };
		C1214BA82566EC7D00EDFC3F /* CitizenCheckTests.swift */ = {isa = PBXFileReference; lastKnownFileType = sourcecode.swift; path = CitizenCheckTests.swift; sourceTree = "<group>"; };
		C1214BAA2566EC7D00EDFC3F /* Info.plist */ = {isa = PBXFileReference; lastKnownFileType = text.plist.xml; path = Info.plist; sourceTree = "<group>"; };
		C1214BAF2566EC7D00EDFC3F /* CitizenCheckUITests.xctest */ = {isa = PBXFileReference; explicitFileType = wrapper.cfbundle; includeInIndex = 0; path = CitizenCheckUITests.xctest; sourceTree = BUILT_PRODUCTS_DIR; };
		C1214BB32566EC7D00EDFC3F /* CitizenCheckUITests.swift */ = {isa = PBXFileReference; lastKnownFileType = sourcecode.swift; path = CitizenCheckUITests.swift; sourceTree = "<group>"; };
		C1214BB52566EC7D00EDFC3F /* Info.plist */ = {isa = PBXFileReference; lastKnownFileType = text.plist.xml; path = Info.plist; sourceTree = "<group>"; };
		C1214BC42566EC9700EDFC3F /* DataModels.swift */ = {isa = PBXFileReference; fileEncoding = 4; lastKnownFileType = sourcecode.swift; path = DataModels.swift; sourceTree = "<group>"; };
		C1214BC92566EC9E00EDFC3F /* EligibilityQuestionView.swift */ = {isa = PBXFileReference; fileEncoding = 4; lastKnownFileType = sourcecode.swift; path = EligibilityQuestionView.swift; sourceTree = "<group>"; };
		C1214BCE2566ECA300EDFC3F /* ButtonStyles.swift */ = {isa = PBXFileReference; fileEncoding = 4; lastKnownFileType = sourcecode.swift; path = ButtonStyles.swift; sourceTree = "<group>"; };
		C12BA4792575E60B006431AD /* AppData.swift */ = {isa = PBXFileReference; lastKnownFileType = sourcecode.swift; path = AppData.swift; sourceTree = "<group>"; };
		C12E7E052572C73C000AD660 /* ChecklistQuestionsView.swift */ = {isa = PBXFileReference; lastKnownFileType = sourcecode.swift; path = ChecklistQuestionsView.swift; sourceTree = "<group>"; };
		C12E7E0A2572C74B000AD660 /* ChecklistQuestionsViewModel.swift */ = {isa = PBXFileReference; lastKnownFileType = sourcecode.swift; path = ChecklistQuestionsViewModel.swift; sourceTree = "<group>"; };
		C12E7E172572E1A3000AD660 /* ChecklistItem.swift */ = {isa = PBXFileReference; lastKnownFileType = sourcecode.swift; path = ChecklistItem.swift; sourceTree = "<group>"; };
		C12E7E1C2572E669000AD660 /* ChecklistView.swift */ = {isa = PBXFileReference; lastKnownFileType = sourcecode.swift; path = ChecklistView.swift; sourceTree = "<group>"; };
		C132D87E25747574008A0A68 /* ChecklistViewModel.swift */ = {isa = PBXFileReference; lastKnownFileType = sourcecode.swift; path = ChecklistViewModel.swift; sourceTree = "<group>"; };
		C19A7AF825675BD500FFD951 /* EligibilityView.swift */ = {isa = PBXFileReference; lastKnownFileType = sourcecode.swift; path = EligibilityView.swift; sourceTree = "<group>"; };
		C19A7AFD25675BE000FFD951 /* EligibilityViewModel.swift */ = {isa = PBXFileReference; lastKnownFileType = sourcecode.swift; path = EligibilityViewModel.swift; sourceTree = "<group>"; };
		C1EF5DC42580043B0048E514 /* AlertView.swift */ = {isa = PBXFileReference; lastKnownFileType = sourcecode.swift; path = AlertView.swift; sourceTree = "<group>"; };
		C728171C25791BB30047CF55 /* AdditionalQuestionsView.swift */ = {isa = PBXFileReference; lastKnownFileType = sourcecode.swift; path = AdditionalQuestionsView.swift; sourceTree = "<group>"; };
		C728172625791D470047CF55 /* LaunchScreenView.swift */ = {isa = PBXFileReference; lastKnownFileType = sourcecode.swift; path = LaunchScreenView.swift; sourceTree = "<group>"; };
/* End PBXFileReference section */

/* Begin PBXFrameworksBuildPhase section */
		C1214B8B2566EC7900EDFC3F /* Frameworks */ = {
			isa = PBXFrameworksBuildPhase;
			buildActionMask = 2147483647;
			files = (
			);
			runOnlyForDeploymentPostprocessing = 0;
		};
		C1214BA12566EC7D00EDFC3F /* Frameworks */ = {
			isa = PBXFrameworksBuildPhase;
			buildActionMask = 2147483647;
			files = (
			);
			runOnlyForDeploymentPostprocessing = 0;
		};
		C1214BAC2566EC7D00EDFC3F /* Frameworks */ = {
			isa = PBXFrameworksBuildPhase;
			buildActionMask = 2147483647;
			files = (
			);
			runOnlyForDeploymentPostprocessing = 0;
		};
/* End PBXFrameworksBuildPhase section */

/* Begin PBXGroup section */
		C1214B852566EC7800EDFC3F = {
			isa = PBXGroup;
			children = (
				C1214B902566EC7900EDFC3F /* CitizenCheck */,
				C1214BA72566EC7D00EDFC3F /* CitizenCheckTests */,
				C1214BB22566EC7D00EDFC3F /* CitizenCheckUITests */,
				C1214B8F2566EC7900EDFC3F /* Products */,
			);
			sourceTree = "<group>";
		};
		C1214B8F2566EC7900EDFC3F /* Products */ = {
			isa = PBXGroup;
			children = (
				C1214B8E2566EC7900EDFC3F /* CitizenCheck.app */,
				C1214BA42566EC7D00EDFC3F /* CitizenCheckTests.xctest */,
				C1214BAF2566EC7D00EDFC3F /* CitizenCheckUITests.xctest */,
			);
			name = Products;
			sourceTree = "<group>";
		};
		C1214B902566EC7900EDFC3F /* CitizenCheck */ = {
			isa = PBXGroup;
			children = (
				C728171C25791BB30047CF55 /* AdditionalQuestionsView.swift */,
				C1214B912566EC7900EDFC3F /* AppDelegate.swift */,
				C1214B932566EC7900EDFC3F /* SceneDelegate.swift */,
				C10303492579637300B98710 /* AppView.swift */,
				C1214B952566EC7900EDFC3F /* ContentView.swift */,
				C1214BCE2566ECA300EDFC3F /* ButtonStyles.swift */,
				C1214BC42566EC9700EDFC3F /* DataModels.swift */,
				C1214BC92566EC9E00EDFC3F /* EligibilityQuestionView.swift */,
				C19A7AF825675BD500FFD951 /* EligibilityView.swift */,
				C1EF5DC42580043B0048E514 /* AlertView.swift */,
				C12E7E0A2572C74B000AD660 /* ChecklistQuestionsViewModel.swift */,
				C12E7E052572C73C000AD660 /* ChecklistQuestionsView.swift */,
				C19A7AFD25675BE000FFD951 /* EligibilityViewModel.swift */,
				C1214B972566EC7C00EDFC3F /* Assets.xcassets */,
				C728172625791D470047CF55 /* LaunchScreenView.swift */,
				C12E7E172572E1A3000AD660 /* ChecklistItem.swift */,
				C132D87E25747574008A0A68 /* ChecklistViewModel.swift */,
				C12BA4792575E60B006431AD /* AppData.swift */,
				C12E7E1C2572E669000AD660 /* ChecklistView.swift */,
				C1214B9C2566EC7C00EDFC3F /* LaunchScreen.storyboard */,
				C1214B9F2566EC7C00EDFC3F /* Info.plist */,
				C1214B992566EC7C00EDFC3F /* Preview Content */,
			);
			path = CitizenCheck;
			sourceTree = "<group>";
		};
		C1214B992566EC7C00EDFC3F /* Preview Content */ = {
			isa = PBXGroup;
			children = (
				C1214B9A2566EC7C00EDFC3F /* Preview Assets.xcassets */,
			);
			path = "Preview Content";
			sourceTree = "<group>";
		};
		C1214BA72566EC7D00EDFC3F /* CitizenCheckTests */ = {
			isa = PBXGroup;
			children = (
				C1214BA82566EC7D00EDFC3F /* CitizenCheckTests.swift */,
				C1214BAA2566EC7D00EDFC3F /* Info.plist */,
			);
			path = CitizenCheckTests;
			sourceTree = "<group>";
		};
		C1214BB22566EC7D00EDFC3F /* CitizenCheckUITests */ = {
			isa = PBXGroup;
			children = (
				C1214BB32566EC7D00EDFC3F /* CitizenCheckUITests.swift */,
				C1214BB52566EC7D00EDFC3F /* Info.plist */,
			);
			path = CitizenCheckUITests;
			sourceTree = "<group>";
		};
/* End PBXGroup section */

/* Begin PBXNativeTarget section */
		C1214B8D2566EC7900EDFC3F /* CitizenCheck */ = {
			isa = PBXNativeTarget;
			buildConfigurationList = C1214BB82566EC7D00EDFC3F /* Build configuration list for PBXNativeTarget "CitizenCheck" */;
			buildPhases = (
				C1214B8A2566EC7900EDFC3F /* Sources */,
				C1214B8B2566EC7900EDFC3F /* Frameworks */,
				C1214B8C2566EC7900EDFC3F /* Resources */,
			);
			buildRules = (
			);
			dependencies = (
			);
			name = CitizenCheck;
			productName = CitizenCheck;
			productReference = C1214B8E2566EC7900EDFC3F /* CitizenCheck.app */;
			productType = "com.apple.product-type.application";
		};
		C1214BA32566EC7D00EDFC3F /* CitizenCheckTests */ = {
			isa = PBXNativeTarget;
			buildConfigurationList = C1214BBB2566EC7D00EDFC3F /* Build configuration list for PBXNativeTarget "CitizenCheckTests" */;
			buildPhases = (
				C1214BA02566EC7D00EDFC3F /* Sources */,
				C1214BA12566EC7D00EDFC3F /* Frameworks */,
				C1214BA22566EC7D00EDFC3F /* Resources */,
			);
			buildRules = (
			);
			dependencies = (
				C1214BA62566EC7D00EDFC3F /* PBXTargetDependency */,
			);
			name = CitizenCheckTests;
			productName = CitizenCheckTests;
			productReference = C1214BA42566EC7D00EDFC3F /* CitizenCheckTests.xctest */;
			productType = "com.apple.product-type.bundle.unit-test";
		};
		C1214BAE2566EC7D00EDFC3F /* CitizenCheckUITests */ = {
			isa = PBXNativeTarget;
			buildConfigurationList = C1214BBE2566EC7D00EDFC3F /* Build configuration list for PBXNativeTarget "CitizenCheckUITests" */;
			buildPhases = (
				C1214BAB2566EC7D00EDFC3F /* Sources */,
				C1214BAC2566EC7D00EDFC3F /* Frameworks */,
				C1214BAD2566EC7D00EDFC3F /* Resources */,
			);
			buildRules = (
			);
			dependencies = (
				C1214BB12566EC7D00EDFC3F /* PBXTargetDependency */,
			);
			name = CitizenCheckUITests;
			productName = CitizenCheckUITests;
			productReference = C1214BAF2566EC7D00EDFC3F /* CitizenCheckUITests.xctest */;
			productType = "com.apple.product-type.bundle.ui-testing";
		};
/* End PBXNativeTarget section */

/* Begin PBXProject section */
		C1214B862566EC7800EDFC3F /* Project object */ = {
			isa = PBXProject;
			attributes = {
				LastSwiftUpdateCheck = 1220;
				LastUpgradeCheck = 1220;
				TargetAttributes = {
					C1214B8D2566EC7900EDFC3F = {
						CreatedOnToolsVersion = 12.2;
					};
					C1214BA32566EC7D00EDFC3F = {
						CreatedOnToolsVersion = 12.2;
						TestTargetID = C1214B8D2566EC7900EDFC3F;
					};
					C1214BAE2566EC7D00EDFC3F = {
						CreatedOnToolsVersion = 12.2;
						TestTargetID = C1214B8D2566EC7900EDFC3F;
					};
				};
			};
			buildConfigurationList = C1214B892566EC7800EDFC3F /* Build configuration list for PBXProject "CitizenCheck" */;
			compatibilityVersion = "Xcode 9.3";
			developmentRegion = en;
			hasScannedForEncodings = 0;
			knownRegions = (
				en,
				Base,
			);
			mainGroup = C1214B852566EC7800EDFC3F;
			productRefGroup = C1214B8F2566EC7900EDFC3F /* Products */;
			projectDirPath = "";
			projectRoot = "";
			targets = (
				C1214B8D2566EC7900EDFC3F /* CitizenCheck */,
				C1214BA32566EC7D00EDFC3F /* CitizenCheckTests */,
				C1214BAE2566EC7D00EDFC3F /* CitizenCheckUITests */,
			);
		};
/* End PBXProject section */

/* Begin PBXResourcesBuildPhase section */
		C1214B8C2566EC7900EDFC3F /* Resources */ = {
			isa = PBXResourcesBuildPhase;
			buildActionMask = 2147483647;
			files = (
				C1214B9E2566EC7C00EDFC3F /* LaunchScreen.storyboard in Resources */,
				C1214B9B2566EC7C00EDFC3F /* Preview Assets.xcassets in Resources */,
				C1214B982566EC7C00EDFC3F /* Assets.xcassets in Resources */,
			);
			runOnlyForDeploymentPostprocessing = 0;
		};
		C1214BA22566EC7D00EDFC3F /* Resources */ = {
			isa = PBXResourcesBuildPhase;
			buildActionMask = 2147483647;
			files = (
			);
			runOnlyForDeploymentPostprocessing = 0;
		};
		C1214BAD2566EC7D00EDFC3F /* Resources */ = {
			isa = PBXResourcesBuildPhase;
			buildActionMask = 2147483647;
			files = (
			);
			runOnlyForDeploymentPostprocessing = 0;
		};
/* End PBXResourcesBuildPhase section */

/* Begin PBXSourcesBuildPhase section */
		C1214B8A2566EC7900EDFC3F /* Sources */ = {
			isa = PBXSourcesBuildPhase;
			buildActionMask = 2147483647;
			files = (
				C19A7AFE25675BE000FFD951 /* EligibilityViewModel.swift in Sources */,
				C103034A2579637300B98710 /* AppView.swift in Sources */,
				C12E7E0B2572C74B000AD660 /* ChecklistQuestionsViewModel.swift in Sources */,
				C1214B922566EC7900EDFC3F /* AppDelegate.swift in Sources */,
				C1EF5DC52580043B0048E514 /* AlertView.swift in Sources */,
				C12E7E1D2572E669000AD660 /* ChecklistView.swift in Sources */,
				C132D87F25747574008A0A68 /* ChecklistViewModel.swift in Sources */,
				C728171D25791BB30047CF55 /* AdditionalQuestionsView.swift in Sources */,
				C1214BCF2566ECA300EDFC3F /* ButtonStyles.swift in Sources */,
				C1214BC52566EC9700EDFC3F /* DataModels.swift in Sources */,
				C12E7E182572E1A3000AD660 /* ChecklistItem.swift in Sources */,
				C12E7E062572C73C000AD660 /* ChecklistQuestionsView.swift in Sources */,
				C1214B942566EC7900EDFC3F /* SceneDelegate.swift in Sources */,
				C19A7AF925675BD500FFD951 /* EligibilityView.swift in Sources */,
				C1214B962566EC7900EDFC3F /* ContentView.swift in Sources */,
				C1214BCA2566EC9E00EDFC3F /* EligibilityQuestionView.swift in Sources */,
				C12BA47A2575E60B006431AD /* AppData.swift in Sources */,
				C728172725791D470047CF55 /* LaunchScreenView.swift in Sources */,
			);
			runOnlyForDeploymentPostprocessing = 0;
		};
		C1214BA02566EC7D00EDFC3F /* Sources */ = {
			isa = PBXSourcesBuildPhase;
			buildActionMask = 2147483647;
			files = (
				C1214BA92566EC7D00EDFC3F /* CitizenCheckTests.swift in Sources */,
			);
			runOnlyForDeploymentPostprocessing = 0;
		};
		C1214BAB2566EC7D00EDFC3F /* Sources */ = {
			isa = PBXSourcesBuildPhase;
			buildActionMask = 2147483647;
			files = (
				C1214BB42566EC7D00EDFC3F /* CitizenCheckUITests.swift in Sources */,
			);
			runOnlyForDeploymentPostprocessing = 0;
		};
/* End PBXSourcesBuildPhase section */

/* Begin PBXTargetDependency section */
		C1214BA62566EC7D00EDFC3F /* PBXTargetDependency */ = {
			isa = PBXTargetDependency;
			target = C1214B8D2566EC7900EDFC3F /* CitizenCheck */;
			targetProxy = C1214BA52566EC7D00EDFC3F /* PBXContainerItemProxy */;
		};
		C1214BB12566EC7D00EDFC3F /* PBXTargetDependency */ = {
			isa = PBXTargetDependency;
			target = C1214B8D2566EC7900EDFC3F /* CitizenCheck */;
			targetProxy = C1214BB02566EC7D00EDFC3F /* PBXContainerItemProxy */;
		};
/* End PBXTargetDependency section */

/* Begin PBXVariantGroup section */
		C1214B9C2566EC7C00EDFC3F /* LaunchScreen.storyboard */ = {
			isa = PBXVariantGroup;
			children = (
				C1214B9D2566EC7C00EDFC3F /* Base */,
			);
			name = LaunchScreen.storyboard;
			sourceTree = "<group>";
		};
/* End PBXVariantGroup section */

/* Begin XCBuildConfiguration section */
		C1214BB62566EC7D00EDFC3F /* Debug */ = {
			isa = XCBuildConfiguration;
			buildSettings = {
				ALWAYS_SEARCH_USER_PATHS = NO;
				CLANG_ANALYZER_NONNULL = YES;
				CLANG_ANALYZER_NUMBER_OBJECT_CONVERSION = YES_AGGRESSIVE;
				CLANG_CXX_LANGUAGE_STANDARD = "gnu++14";
				CLANG_CXX_LIBRARY = "libc++";
				CLANG_ENABLE_MODULES = YES;
				CLANG_ENABLE_OBJC_ARC = YES;
				CLANG_ENABLE_OBJC_WEAK = YES;
				CLANG_WARN_BLOCK_CAPTURE_AUTORELEASING = YES;
				CLANG_WARN_BOOL_CONVERSION = YES;
				CLANG_WARN_COMMA = YES;
				CLANG_WARN_CONSTANT_CONVERSION = YES;
				CLANG_WARN_DEPRECATED_OBJC_IMPLEMENTATIONS = YES;
				CLANG_WARN_DIRECT_OBJC_ISA_USAGE = YES_ERROR;
				CLANG_WARN_DOCUMENTATION_COMMENTS = YES;
				CLANG_WARN_EMPTY_BODY = YES;
				CLANG_WARN_ENUM_CONVERSION = YES;
				CLANG_WARN_INFINITE_RECURSION = YES;
				CLANG_WARN_INT_CONVERSION = YES;
				CLANG_WARN_NON_LITERAL_NULL_CONVERSION = YES;
				CLANG_WARN_OBJC_IMPLICIT_RETAIN_SELF = YES;
				CLANG_WARN_OBJC_LITERAL_CONVERSION = YES;
				CLANG_WARN_OBJC_ROOT_CLASS = YES_ERROR;
				CLANG_WARN_QUOTED_INCLUDE_IN_FRAMEWORK_HEADER = YES;
				CLANG_WARN_RANGE_LOOP_ANALYSIS = YES;
				CLANG_WARN_STRICT_PROTOTYPES = YES;
				CLANG_WARN_SUSPICIOUS_MOVE = YES;
				CLANG_WARN_UNGUARDED_AVAILABILITY = YES_AGGRESSIVE;
				CLANG_WARN_UNREACHABLE_CODE = YES;
				CLANG_WARN__DUPLICATE_METHOD_MATCH = YES;
				COPY_PHASE_STRIP = NO;
				DEBUG_INFORMATION_FORMAT = dwarf;
				ENABLE_STRICT_OBJC_MSGSEND = YES;
				ENABLE_TESTABILITY = YES;
				GCC_C_LANGUAGE_STANDARD = gnu11;
				GCC_DYNAMIC_NO_PIC = NO;
				GCC_NO_COMMON_BLOCKS = YES;
				GCC_OPTIMIZATION_LEVEL = 0;
				GCC_PREPROCESSOR_DEFINITIONS = (
					"DEBUG=1",
					"$(inherited)",
				);
				GCC_WARN_64_TO_32_BIT_CONVERSION = YES;
				GCC_WARN_ABOUT_RETURN_TYPE = YES_ERROR;
				GCC_WARN_UNDECLARED_SELECTOR = YES;
				GCC_WARN_UNINITIALIZED_AUTOS = YES_AGGRESSIVE;
				GCC_WARN_UNUSED_FUNCTION = YES;
				GCC_WARN_UNUSED_VARIABLE = YES;
				IPHONEOS_DEPLOYMENT_TARGET = 14.2;
				MTL_ENABLE_DEBUG_INFO = INCLUDE_SOURCE;
				MTL_FAST_MATH = YES;
				ONLY_ACTIVE_ARCH = YES;
				SDKROOT = iphoneos;
				SWIFT_ACTIVE_COMPILATION_CONDITIONS = DEBUG;
				SWIFT_OPTIMIZATION_LEVEL = "-Onone";
			};
			name = Debug;
		};
		C1214BB72566EC7D00EDFC3F /* Release */ = {
			isa = XCBuildConfiguration;
			buildSettings = {
				ALWAYS_SEARCH_USER_PATHS = NO;
				CLANG_ANALYZER_NONNULL = YES;
				CLANG_ANALYZER_NUMBER_OBJECT_CONVERSION = YES_AGGRESSIVE;
				CLANG_CXX_LANGUAGE_STANDARD = "gnu++14";
				CLANG_CXX_LIBRARY = "libc++";
				CLANG_ENABLE_MODULES = YES;
				CLANG_ENABLE_OBJC_ARC = YES;
				CLANG_ENABLE_OBJC_WEAK = YES;
				CLANG_WARN_BLOCK_CAPTURE_AUTORELEASING = YES;
				CLANG_WARN_BOOL_CONVERSION = YES;
				CLANG_WARN_COMMA = YES;
				CLANG_WARN_CONSTANT_CONVERSION = YES;
				CLANG_WARN_DEPRECATED_OBJC_IMPLEMENTATIONS = YES;
				CLANG_WARN_DIRECT_OBJC_ISA_USAGE = YES_ERROR;
				CLANG_WARN_DOCUMENTATION_COMMENTS = YES;
				CLANG_WARN_EMPTY_BODY = YES;
				CLANG_WARN_ENUM_CONVERSION = YES;
				CLANG_WARN_INFINITE_RECURSION = YES;
				CLANG_WARN_INT_CONVERSION = YES;
				CLANG_WARN_NON_LITERAL_NULL_CONVERSION = YES;
				CLANG_WARN_OBJC_IMPLICIT_RETAIN_SELF = YES;
				CLANG_WARN_OBJC_LITERAL_CONVERSION = YES;
				CLANG_WARN_OBJC_ROOT_CLASS = YES_ERROR;
				CLANG_WARN_QUOTED_INCLUDE_IN_FRAMEWORK_HEADER = YES;
				CLANG_WARN_RANGE_LOOP_ANALYSIS = YES;
				CLANG_WARN_STRICT_PROTOTYPES = YES;
				CLANG_WARN_SUSPICIOUS_MOVE = YES;
				CLANG_WARN_UNGUARDED_AVAILABILITY = YES_AGGRESSIVE;
				CLANG_WARN_UNREACHABLE_CODE = YES;
				CLANG_WARN__DUPLICATE_METHOD_MATCH = YES;
				COPY_PHASE_STRIP = NO;
				DEBUG_INFORMATION_FORMAT = "dwarf-with-dsym";
				ENABLE_NS_ASSERTIONS = NO;
				ENABLE_STRICT_OBJC_MSGSEND = YES;
				GCC_C_LANGUAGE_STANDARD = gnu11;
				GCC_NO_COMMON_BLOCKS = YES;
				GCC_WARN_64_TO_32_BIT_CONVERSION = YES;
				GCC_WARN_ABOUT_RETURN_TYPE = YES_ERROR;
				GCC_WARN_UNDECLARED_SELECTOR = YES;
				GCC_WARN_UNINITIALIZED_AUTOS = YES_AGGRESSIVE;
				GCC_WARN_UNUSED_FUNCTION = YES;
				GCC_WARN_UNUSED_VARIABLE = YES;
				IPHONEOS_DEPLOYMENT_TARGET = 14.2;
				MTL_ENABLE_DEBUG_INFO = NO;
				MTL_FAST_MATH = YES;
				SDKROOT = iphoneos;
				SWIFT_COMPILATION_MODE = wholemodule;
				SWIFT_OPTIMIZATION_LEVEL = "-O";
				VALIDATE_PRODUCT = YES;
			};
			name = Release;
		};
		C1214BB92566EC7D00EDFC3F /* Debug */ = {
			isa = XCBuildConfiguration;
			buildSettings = {
				ASSETCATALOG_COMPILER_APPICON_NAME = AppIcon;
				ASSETCATALOG_COMPILER_GLOBAL_ACCENT_COLOR_NAME = AccentColor;
				CODE_SIGN_STYLE = Automatic;
				DEVELOPMENT_ASSET_PATHS = "\"CitizenCheck/Preview Content\"";
				DEVELOPMENT_TEAM = FL2XWDE655;
				ENABLE_PREVIEWS = YES;
				INFOPLIST_FILE = CitizenCheck/Info.plist;
				LD_RUNPATH_SEARCH_PATHS = (
					"$(inherited)",
					"@executable_path/Frameworks",
				);
				PRODUCT_BUNDLE_IDENTIFIER = "com.pit-citizenship.CitizenCheck";
				PRODUCT_NAME = "$(TARGET_NAME)";
				SWIFT_VERSION = 5.0;
				TARGETED_DEVICE_FAMILY = "1,2";
			};
			name = Debug;
		};
		C1214BBA2566EC7D00EDFC3F /* Release */ = {
			isa = XCBuildConfiguration;
			buildSettings = {
				ASSETCATALOG_COMPILER_APPICON_NAME = AppIcon;
				ASSETCATALOG_COMPILER_GLOBAL_ACCENT_COLOR_NAME = AccentColor;
				CODE_SIGN_STYLE = Automatic;
				DEVELOPMENT_ASSET_PATHS = "\"CitizenCheck/Preview Content\"";
				DEVELOPMENT_TEAM = FL2XWDE655;
				ENABLE_PREVIEWS = YES;
				INFOPLIST_FILE = CitizenCheck/Info.plist;
				LD_RUNPATH_SEARCH_PATHS = (
					"$(inherited)",
					"@executable_path/Frameworks",
				);
				PRODUCT_BUNDLE_IDENTIFIER = "com.pit-citizenship.CitizenCheck";
				PRODUCT_NAME = "$(TARGET_NAME)";
				SWIFT_VERSION = 5.0;
				TARGETED_DEVICE_FAMILY = "1,2";
			};
			name = Release;
		};
		C1214BBC2566EC7D00EDFC3F /* Debug */ = {
			isa = XCBuildConfiguration;
			buildSettings = {
				ALWAYS_EMBED_SWIFT_STANDARD_LIBRARIES = YES;
				BUNDLE_LOADER = "$(TEST_HOST)";
				CODE_SIGN_STYLE = Automatic;
				DEVELOPMENT_TEAM = FL2XWDE655;
				INFOPLIST_FILE = CitizenCheckTests/Info.plist;
				IPHONEOS_DEPLOYMENT_TARGET = 14.2;
				LD_RUNPATH_SEARCH_PATHS = (
					"$(inherited)",
					"@executable_path/Frameworks",
					"@loader_path/Frameworks",
				);
				PRODUCT_BUNDLE_IDENTIFIER = "com.pit-citizenship.CitizenCheckTests";
				PRODUCT_NAME = "$(TARGET_NAME)";
				SWIFT_VERSION = 5.0;
				TARGETED_DEVICE_FAMILY = "1,2";
				TEST_HOST = "$(BUILT_PRODUCTS_DIR)/CitizenCheck.app/CitizenCheck";
			};
			name = Debug;
		};
		C1214BBD2566EC7D00EDFC3F /* Release */ = {
			isa = XCBuildConfiguration;
			buildSettings = {
				ALWAYS_EMBED_SWIFT_STANDARD_LIBRARIES = YES;
				BUNDLE_LOADER = "$(TEST_HOST)";
				CODE_SIGN_STYLE = Automatic;
				DEVELOPMENT_TEAM = FL2XWDE655;
				INFOPLIST_FILE = CitizenCheckTests/Info.plist;
				IPHONEOS_DEPLOYMENT_TARGET = 14.2;
				LD_RUNPATH_SEARCH_PATHS = (
					"$(inherited)",
					"@executable_path/Frameworks",
					"@loader_path/Frameworks",
				);
				PRODUCT_BUNDLE_IDENTIFIER = "com.pit-citizenship.CitizenCheckTests";
				PRODUCT_NAME = "$(TARGET_NAME)";
				SWIFT_VERSION = 5.0;
				TARGETED_DEVICE_FAMILY = "1,2";
				TEST_HOST = "$(BUILT_PRODUCTS_DIR)/CitizenCheck.app/CitizenCheck";
			};
			name = Release;
		};
		C1214BBF2566EC7D00EDFC3F /* Debug */ = {
			isa = XCBuildConfiguration;
			buildSettings = {
				ALWAYS_EMBED_SWIFT_STANDARD_LIBRARIES = YES;
				CODE_SIGN_STYLE = Automatic;
				DEVELOPMENT_TEAM = FL2XWDE655;
				INFOPLIST_FILE = CitizenCheckUITests/Info.plist;
				LD_RUNPATH_SEARCH_PATHS = (
					"$(inherited)",
					"@executable_path/Frameworks",
					"@loader_path/Frameworks",
				);
				PRODUCT_BUNDLE_IDENTIFIER = "com.pit-citizenship.CitizenCheckUITests";
				PRODUCT_NAME = "$(TARGET_NAME)";
				SWIFT_VERSION = 5.0;
				TARGETED_DEVICE_FAMILY = "1,2";
				TEST_TARGET_NAME = CitizenCheck;
			};
			name = Debug;
		};
		C1214BC02566EC7D00EDFC3F /* Release */ = {
			isa = XCBuildConfiguration;
			buildSettings = {
				ALWAYS_EMBED_SWIFT_STANDARD_LIBRARIES = YES;
				CODE_SIGN_STYLE = Automatic;
				DEVELOPMENT_TEAM = FL2XWDE655;
				INFOPLIST_FILE = CitizenCheckUITests/Info.plist;
				LD_RUNPATH_SEARCH_PATHS = (
					"$(inherited)",
					"@executable_path/Frameworks",
					"@loader_path/Frameworks",
				);
				PRODUCT_BUNDLE_IDENTIFIER = "com.pit-citizenship.CitizenCheckUITests";
				PRODUCT_NAME = "$(TARGET_NAME)";
				SWIFT_VERSION = 5.0;
				TARGETED_DEVICE_FAMILY = "1,2";
				TEST_TARGET_NAME = CitizenCheck;
			};
			name = Release;
		};
/* End XCBuildConfiguration section */

/* Begin XCConfigurationList section */
		C1214B892566EC7800EDFC3F /* Build configuration list for PBXProject "CitizenCheck" */ = {
			isa = XCConfigurationList;
			buildConfigurations = (
				C1214BB62566EC7D00EDFC3F /* Debug */,
				C1214BB72566EC7D00EDFC3F /* Release */,
			);
			defaultConfigurationIsVisible = 0;
			defaultConfigurationName = Release;
		};
		C1214BB82566EC7D00EDFC3F /* Build configuration list for PBXNativeTarget "CitizenCheck" */ = {
			isa = XCConfigurationList;
			buildConfigurations = (
				C1214BB92566EC7D00EDFC3F /* Debug */,
				C1214BBA2566EC7D00EDFC3F /* Release */,
			);
			defaultConfigurationIsVisible = 0;
			defaultConfigurationName = Release;
		};
		C1214BBB2566EC7D00EDFC3F /* Build configuration list for PBXNativeTarget "CitizenCheckTests" */ = {
			isa = XCConfigurationList;
			buildConfigurations = (
				C1214BBC2566EC7D00EDFC3F /* Debug */,
				C1214BBD2566EC7D00EDFC3F /* Release */,
			);
			defaultConfigurationIsVisible = 0;
			defaultConfigurationName = Release;
		};
		C1214BBE2566EC7D00EDFC3F /* Build configuration list for PBXNativeTarget "CitizenCheckUITests" */ = {
			isa = XCConfigurationList;
			buildConfigurations = (
				C1214BBF2566EC7D00EDFC3F /* Debug */,
				C1214BC02566EC7D00EDFC3F /* Release */,
			);
			defaultConfigurationIsVisible = 0;
			defaultConfigurationName = Release;
		};
/* End XCConfigurationList section */
	};
	rootObject = C1214B862566EC7800EDFC3F /* Project object */;
}
